// !$*UTF8*$!
{
	archiveVersion = 1;
	classes = {
	};
	objectVersion = 50;
	objects = {

/* Begin PBXBuildFile section */
		03AE034823ECC27B0045DFAF /* Menu.swift in Sources */ = {isa = PBXBuildFile; fileRef = 03AE034723ECC27B0045DFAF /* Menu.swift */; };
		03AE034A23EE29D50045DFAF /* SearchRecords.swift in Sources */ = {isa = PBXBuildFile; fileRef = 03AE034923EE29D50045DFAF /* SearchRecords.swift */; };
		03AE035223F004500045DFAF /* MapController.swift in Sources */ = {isa = PBXBuildFile; fileRef = 03AE035123F004500045DFAF /* MapController.swift */; };
		03AE035423F210410045DFAF /* TubeGame.swift in Sources */ = {isa = PBXBuildFile; fileRef = 03AE035323F210410045DFAF /* TubeGame.swift */; };
		03C16D2123E7185100B06FD5 /* AppDelegate.swift in Sources */ = {isa = PBXBuildFile; fileRef = 03C16D2023E7185100B06FD5 /* AppDelegate.swift */; };
		03C16D2323E7185100B06FD5 /* SceneDelegate.swift in Sources */ = {isa = PBXBuildFile; fileRef = 03C16D2223E7185100B06FD5 /* SceneDelegate.swift */; };
		03C16D2523E7185100B06FD5 /* ContentView.swift in Sources */ = {isa = PBXBuildFile; fileRef = 03C16D2423E7185100B06FD5 /* ContentView.swift */; };
		03C16D2723E7185400B06FD5 /* Assets.xcassets in Resources */ = {isa = PBXBuildFile; fileRef = 03C16D2623E7185400B06FD5 /* Assets.xcassets */; };
		03C16D2A23E7185400B06FD5 /* Preview Assets.xcassets in Resources */ = {isa = PBXBuildFile; fileRef = 03C16D2923E7185400B06FD5 /* Preview Assets.xcassets */; };
		03C16D2D23E7185400B06FD5 /* LaunchScreen.storyboard in Resources */ = {isa = PBXBuildFile; fileRef = 03C16D2B23E7185400B06FD5 /* LaunchScreen.storyboard */; };
		03C16D3A23E7296C00B06FD5 /* TFLStationsV2.json in Resources */ = {isa = PBXBuildFile; fileRef = 03C16D3723E7296C00B06FD5 /* TFLStationsV2.json */; };
		03C16D3D23E7765300B06FD5 /* StationDataStructure.swift in Sources */ = {isa = PBXBuildFile; fileRef = 03C16D3C23E7765300B06FD5 /* StationDataStructure.swift */; };
		03C16D3F23E7898D00B06FD5 /* DataLoader.swift in Sources */ = {isa = PBXBuildFile; fileRef = 03C16D3E23E7898D00B06FD5 /* DataLoader.swift */; };
		03C16D4123E7EC4000B06FD5 /* AllStationRecords.swift in Sources */ = {isa = PBXBuildFile; fileRef = 03C16D4023E7EC4000B06FD5 /* AllStationRecords.swift */; };
/* End PBXBuildFile section */

/* Begin PBXFileReference section */
		03AE034723ECC27B0045DFAF /* Menu.swift */ = {isa = PBXFileReference; lastKnownFileType = sourcecode.swift; path = Menu.swift; sourceTree = "<group>"; };
		03AE034923EE29D50045DFAF /* SearchRecords.swift */ = {isa = PBXFileReference; lastKnownFileType = sourcecode.swift; path = SearchRecords.swift; sourceTree = "<group>"; };
		03AE035123F004500045DFAF /* MapController.swift */ = {isa = PBXFileReference; lastKnownFileType = sourcecode.swift; path = MapController.swift; sourceTree = "<group>"; };
		03AE035323F210410045DFAF /* TubeGame.swift */ = {isa = PBXFileReference; lastKnownFileType = sourcecode.swift; path = TubeGame.swift; sourceTree = "<group>"; };
		03C16D1D23E7185100B06FD5 /* StationsTFL.app */ = {isa = PBXFileReference; explicitFileType = wrapper.application; includeInIndex = 0; path = StationsTFL.app; sourceTree = BUILT_PRODUCTS_DIR; };
		03C16D2023E7185100B06FD5 /* AppDelegate.swift */ = {isa = PBXFileReference; lastKnownFileType = sourcecode.swift; path = AppDelegate.swift; sourceTree = "<group>"; };
		03C16D2223E7185100B06FD5 /* SceneDelegate.swift */ = {isa = PBXFileReference; lastKnownFileType = sourcecode.swift; path = SceneDelegate.swift; sourceTree = "<group>"; };
		03C16D2423E7185100B06FD5 /* ContentView.swift */ = {isa = PBXFileReference; lastKnownFileType = sourcecode.swift; path = ContentView.swift; sourceTree = "<group>"; };
		03C16D2623E7185400B06FD5 /* Assets.xcassets */ = {isa = PBXFileReference; lastKnownFileType = folder.assetcatalog; path = Assets.xcassets; sourceTree = "<group>"; };
		03C16D2923E7185400B06FD5 /* Preview Assets.xcassets */ = {isa = PBXFileReference; lastKnownFileType = folder.assetcatalog; path = "Preview Assets.xcassets"; sourceTree = "<group>"; };
		03C16D2C23E7185400B06FD5 /* Base */ = {isa = PBXFileReference; lastKnownFileType = file.storyboard; name = Base; path = Base.lproj/LaunchScreen.storyboard; sourceTree = "<group>"; };
		03C16D2E23E7185400B06FD5 /* Info.plist */ = {isa = PBXFileReference; lastKnownFileType = text.plist.xml; path = Info.plist; sourceTree = "<group>"; };
		03C16D3723E7296C00B06FD5 /* TFLStationsV2.json */ = {isa = PBXFileReference; fileEncoding = 4; lastKnownFileType = text.json; path = TFLStationsV2.json; sourceTree = "<group>"; };
		03C16D3C23E7765300B06FD5 /* StationDataStructure.swift */ = {isa = PBXFileReference; lastKnownFileType = sourcecode.swift; path = StationDataStructure.swift; sourceTree = "<group>"; };
		03C16D3E23E7898D00B06FD5 /* DataLoader.swift */ = {isa = PBXFileReference; lastKnownFileType = sourcecode.swift; path = DataLoader.swift; sourceTree = "<group>"; };
		03C16D4023E7EC4000B06FD5 /* AllStationRecords.swift */ = {isa = PBXFileReference; lastKnownFileType = sourcecode.swift; path = AllStationRecords.swift; sourceTree = "<group>"; };
/* End PBXFileReference section */

/* Begin PBXFrameworksBuildPhase section */
		03C16D1A23E7185100B06FD5 /* Frameworks */ = {
			isa = PBXFrameworksBuildPhase;
			buildActionMask = 2147483647;
			files = (
			);
			runOnlyForDeploymentPostprocessing = 0;
		};
/* End PBXFrameworksBuildPhase section */

/* Begin PBXGroup section */
		03C16D1423E7185100B06FD5 = {
			isa = PBXGroup;
			children = (
				03C16D1F23E7185100B06FD5 /* StationsTFL */,
				03C16D1E23E7185100B06FD5 /* Products */,
			);
			sourceTree = "<group>";
		};
		03C16D1E23E7185100B06FD5 /* Products */ = {
			isa = PBXGroup;
			children = (
				03C16D1D23E7185100B06FD5 /* StationsTFL.app */,
			);
			name = Products;
			sourceTree = "<group>";
		};
		03C16D1F23E7185100B06FD5 /* StationsTFL */ = {
			isa = PBXGroup;
			children = (
				03C16D3723E7296C00B06FD5 /* TFLStationsV2.json */,
				03C16D3523E718B600B06FD5 /* Views */,
				03C16D3423E7187400B06FD5 /* Models */,
				03C16D2023E7185100B06FD5 /* AppDelegate.swift */,
				03C16D2223E7185100B06FD5 /* SceneDelegate.swift */,
				03C16D2423E7185100B06FD5 /* ContentView.swift */,
				03C16D2623E7185400B06FD5 /* Assets.xcassets */,
				03C16D2B23E7185400B06FD5 /* LaunchScreen.storyboard */,
				03C16D2E23E7185400B06FD5 /* Info.plist */,
				03C16D2823E7185400B06FD5 /* Preview Content */,
			);
			path = StationsTFL;
			sourceTree = "<group>";
		};
		03C16D2823E7185400B06FD5 /* Preview Content */ = {
			isa = PBXGroup;
			children = (
				03C16D2923E7185400B06FD5 /* Preview Assets.xcassets */,
			);
			path = "Preview Content";
			sourceTree = "<group>";
		};
		03C16D3423E7187400B06FD5 /* Models */ = {
			isa = PBXGroup;
			children = (
				03C16D3C23E7765300B06FD5 /* StationDataStructure.swift */,
				03C16D3E23E7898D00B06FD5 /* DataLoader.swift */,
				03AE034723ECC27B0045DFAF /* Menu.swift */,
				03AE035123F004500045DFAF /* MapController.swift */,
			);
			path = Models;
			sourceTree = "<group>";
		};
		03C16D3523E718B600B06FD5 /* Views */ = {
			isa = PBXGroup;
			children = (
				03C16D4023E7EC4000B06FD5 /* AllStationRecords.swift */,
				03AE034923EE29D50045DFAF /* SearchRecords.swift */,
				03AE035323F210410045DFAF /* TubeGame.swift */,
			);
			path = Views;
			sourceTree = "<group>";
		};
/* End PBXGroup section */

/* Begin PBXNativeTarget section */
		03C16D1C23E7185100B06FD5 /* StationsTFL */ = {
			isa = PBXNativeTarget;
			buildConfigurationList = 03C16D3123E7185400B06FD5 /* Build configuration list for PBXNativeTarget "StationsTFL" */;
			buildPhases = (
				03C16D1923E7185100B06FD5 /* Sources */,
				03C16D1A23E7185100B06FD5 /* Frameworks */,
				03C16D1B23E7185100B06FD5 /* Resources */,
			);
			buildRules = (
			);
			dependencies = (
			);
			name = StationsTFL;
			productName = StationsTFL;
			productReference = 03C16D1D23E7185100B06FD5 /* StationsTFL.app */;
			productType = "com.apple.product-type.application";
		};
/* End PBXNativeTarget section */

/* Begin PBXProject section */
		03C16D1523E7185100B06FD5 /* Project object */ = {
			isa = PBXProject;
			attributes = {
				LastSwiftUpdateCheck = 1130;
				LastUpgradeCheck = 1130;
				ORGANIZATIONNAME = "Ufuoma Okoro";
				TargetAttributes = {
					03C16D1C23E7185100B06FD5 = {
						CreatedOnToolsVersion = 11.3.1;
					};
				};
			};
			buildConfigurationList = 03C16D1823E7185100B06FD5 /* Build configuration list for PBXProject "StationsTFL" */;
			compatibilityVersion = "Xcode 9.3";
			developmentRegion = en;
			hasScannedForEncodings = 0;
			knownRegions = (
				en,
				Base,
			);
			mainGroup = 03C16D1423E7185100B06FD5;
			productRefGroup = 03C16D1E23E7185100B06FD5 /* Products */;
			projectDirPath = "";
			projectRoot = "";
			targets = (
				03C16D1C23E7185100B06FD5 /* StationsTFL */,
			);
		};
/* End PBXProject section */

/* Begin PBXResourcesBuildPhase section */
		03C16D1B23E7185100B06FD5 /* Resources */ = {
			isa = PBXResourcesBuildPhase;
			buildActionMask = 2147483647;
			files = (
				03C16D3A23E7296C00B06FD5 /* TFLStationsV2.json in Resources */,
				03C16D2D23E7185400B06FD5 /* LaunchScreen.storyboard in Resources */,
				03C16D2A23E7185400B06FD5 /* Preview Assets.xcassets in Resources */,
				03C16D2723E7185400B06FD5 /* Assets.xcassets in Resources */,
			);
			runOnlyForDeploymentPostprocessing = 0;
		};
/* End PBXResourcesBuildPhase section */

/* Begin PBXSourcesBuildPhase section */
		03C16D1923E7185100B06FD5 /* Sources */ = {
			isa = PBXSourcesBuildPhase;
			buildActionMask = 2147483647;
			files = (
				03C16D3F23E7898D00B06FD5 /* DataLoader.swift in Sources */,
				03C16D2123E7185100B06FD5 /* AppDelegate.swift in Sources */,
				03AE034823ECC27B0045DFAF /* Menu.swift in Sources */,
				03AE035423F210410045DFAF /* TubeGame.swift in Sources */,
				03C16D2323E7185100B06FD5 /* SceneDelegate.swift in Sources */,
				03C16D4123E7EC4000B06FD5 /* AllStationRecords.swift in Sources */,
				03C16D3D23E7765300B06FD5 /* StationDataStructure.swift in Sources */,
				03AE034A23EE29D50045DFAF /* SearchRecords.swift in Sources */,
				03AE035223F004500045DFAF /* MapController.swift in Sources */,
				03C16D2523E7185100B06FD5 /* ContentView.swift in Sources */,
			);
			runOnlyForDeploymentPostprocessing = 0;
		};
/* End PBXSourcesBuildPhase section */

/* Begin PBXVariantGroup section */
		03C16D2B23E7185400B06FD5 /* LaunchScreen.storyboard */ = {
			isa = PBXVariantGroup;
			children = (
				03C16D2C23E7185400B06FD5 /* Base */,
			);
			name = LaunchScreen.storyboard;
			sourceTree = "<group>";
		};
/* End PBXVariantGroup section */

/* Begin XCBuildConfiguration section */
		03C16D2F23E7185400B06FD5 /* Debug */ = {
			isa = XCBuildConfiguration;
			buildSettings = {
				ALWAYS_SEARCH_USER_PATHS = NO;
				CLANG_ANALYZER_NONNULL = YES;
				CLANG_ANALYZER_NUMBER_OBJECT_CONVERSION = YES_AGGRESSIVE;
				CLANG_CXX_LANGUAGE_STANDARD = "gnu++14";
				CLANG_CXX_LIBRARY = "libc++";
				CLANG_ENABLE_MODULES = YES;
				CLANG_ENABLE_OBJC_ARC = YES;
				CLANG_ENABLE_OBJC_WEAK = YES;
				CLANG_WARN_BLOCK_CAPTURE_AUTORELEASING = YES;
				CLANG_WARN_BOOL_CONVERSION = YES;
				CLANG_WARN_COMMA = YES;
				CLANG_WARN_CONSTANT_CONVERSION = YES;
				CLANG_WARN_DEPRECATED_OBJC_IMPLEMENTATIONS = YES;
				CLANG_WARN_DIRECT_OBJC_ISA_USAGE = YES_ERROR;
				CLANG_WARN_DOCUMENTATION_COMMENTS = YES;
				CLANG_WARN_EMPTY_BODY = YES;
				CLANG_WARN_ENUM_CONVERSION = YES;
				CLANG_WARN_INFINITE_RECURSION = YES;
				CLANG_WARN_INT_CONVERSION = YES;
				CLANG_WARN_NON_LITERAL_NULL_CONVERSION = YES;
				CLANG_WARN_OBJC_IMPLICIT_RETAIN_SELF = YES;
				CLANG_WARN_OBJC_LITERAL_CONVERSION = YES;
				CLANG_WARN_OBJC_ROOT_CLASS = YES_ERROR;
				CLANG_WARN_RANGE_LOOP_ANALYSIS = YES;
				CLANG_WARN_STRICT_PROTOTYPES = YES;
				CLANG_WARN_SUSPICIOUS_MOVE = YES;
				CLANG_WARN_UNGUARDED_AVAILABILITY = YES_AGGRESSIVE;
				CLANG_WARN_UNREACHABLE_CODE = YES;
				CLANG_WARN__DUPLICATE_METHOD_MATCH = YES;
				COPY_PHASE_STRIP = NO;
				DEBUG_INFORMATION_FORMAT = dwarf;
				ENABLE_STRICT_OBJC_MSGSEND = YES;
				ENABLE_TESTABILITY = YES;
				GCC_C_LANGUAGE_STANDARD = gnu11;
				GCC_DYNAMIC_NO_PIC = NO;
				GCC_NO_COMMON_BLOCKS = YES;
				GCC_OPTIMIZATION_LEVEL = 0;
				GCC_PREPROCESSOR_DEFINITIONS = (
					"DEBUG=1",
					"$(inherited)",
				);
				GCC_WARN_64_TO_32_BIT_CONVERSION = YES;
				GCC_WARN_ABOUT_RETURN_TYPE = YES_ERROR;
				GCC_WARN_UNDECLARED_SELECTOR = YES;
				GCC_WARN_UNINITIALIZED_AUTOS = YES_AGGRESSIVE;
				GCC_WARN_UNUSED_FUNCTION = YES;
				GCC_WARN_UNUSED_VARIABLE = YES;
				IPHONEOS_DEPLOYMENT_TARGET = 13.2;
				MTL_ENABLE_DEBUG_INFO = INCLUDE_SOURCE;
				MTL_FAST_MATH = YES;
				ONLY_ACTIVE_ARCH = YES;
				SDKROOT = iphoneos;
				SWIFT_ACTIVE_COMPILATION_CONDITIONS = DEBUG;
				SWIFT_OPTIMIZATION_LEVEL = "-Onone";
			};
			name = Debug;
		};
		03C16D3023E7185400B06FD5 /* Release */ = {
			isa = XCBuildConfiguration;
			buildSettings = {
				ALWAYS_SEARCH_USER_PATHS = NO;
				CLANG_ANALYZER_NONNULL = YES;
				CLANG_ANALYZER_NUMBER_OBJECT_CONVERSION = YES_AGGRESSIVE;
				CLANG_CXX_LANGUAGE_STANDARD = "gnu++14";
				CLANG_CXX_LIBRARY = "libc++";
				CLANG_ENABLE_MODULES = YES;
				CLANG_ENABLE_OBJC_ARC = YES;
				CLANG_ENABLE_OBJC_WEAK = YES;
				CLANG_WARN_BLOCK_CAPTURE_AUTORELEASING = YES;
				CLANG_WARN_BOOL_CONVERSION = YES;
				CLANG_WARN_COMMA = YES;
				CLANG_WARN_CONSTANT_CONVERSION = YES;
				CLANG_WARN_DEPRECATED_OBJC_IMPLEMENTATIONS = YES;
				CLANG_WARN_DIRECT_OBJC_ISA_USAGE = YES_ERROR;
				CLANG_WARN_DOCUMENTATION_COMMENTS = YES;
				CLANG_WARN_EMPTY_BODY = YES;
				CLANG_WARN_ENUM_CONVERSION = YES;
				CLANG_WARN_INFINITE_RECURSION = YES;
				CLANG_WARN_INT_CONVERSION = YES;
				CLANG_WARN_NON_LITERAL_NULL_CONVERSION = YES;
				CLANG_WARN_OBJC_IMPLICIT_RETAIN_SELF = YES;
				CLANG_WARN_OBJC_LITERAL_CONVERSION = YES;
				CLANG_WARN_OBJC_ROOT_CLASS = YES_ERROR;
				CLANG_WARN_RANGE_LOOP_ANALYSIS = YES;
				CLANG_WARN_STRICT_PROTOTYPES = YES;
				CLANG_WARN_SUSPICIOUS_MOVE = YES;
				CLANG_WARN_UNGUARDED_AVAILABILITY = YES_AGGRESSIVE;
				CLANG_WARN_UNREACHABLE_CODE = YES;
				CLANG_WARN__DUPLICATE_METHOD_MATCH = YES;
				COPY_PHASE_STRIP = NO;
				DEBUG_INFORMATION_FORMAT = "dwarf-with-dsym";
				ENABLE_NS_ASSERTIONS = NO;
				ENABLE_STRICT_OBJC_MSGSEND = YES;
				GCC_C_LANGUAGE_STANDARD = gnu11;
				GCC_NO_COMMON_BLOCKS = YES;
				GCC_WARN_64_TO_32_BIT_CONVERSION = YES;
				GCC_WARN_ABOUT_RETURN_TYPE = YES_ERROR;
				GCC_WARN_UNDECLARED_SELECTOR = YES;
				GCC_WARN_UNINITIALIZED_AUTOS = YES_AGGRESSIVE;
				GCC_WARN_UNUSED_FUNCTION = YES;
				GCC_WARN_UNUSED_VARIABLE = YES;
				IPHONEOS_DEPLOYMENT_TARGET = 13.2;
				MTL_ENABLE_DEBUG_INFO = NO;
				MTL_FAST_MATH = YES;
				SDKROOT = iphoneos;
				SWIFT_COMPILATION_MODE = wholemodule;
				SWIFT_OPTIMIZATION_LEVEL = "-O";
				VALIDATE_PRODUCT = YES;
			};
			name = Release;
		};
		03C16D3223E7185400B06FD5 /* Debug */ = {
			isa = XCBuildConfiguration;
			buildSettings = {
				ASSETCATALOG_COMPILER_APPICON_NAME = AppIcon;
				CODE_SIGN_STYLE = Automatic;
				DEVELOPMENT_ASSET_PATHS = "\"StationsTFL/Preview Content\"";
				DEVELOPMENT_TEAM = FUA8MUZTUH;
				ENABLE_PREVIEWS = YES;
				INFOPLIST_FILE = StationsTFL/Info.plist;
				LD_RUNPATH_SEARCH_PATHS = (
					"$(inherited)",
					"@executable_path/Frameworks",
				);
				PRODUCT_BUNDLE_IDENTIFIER = "ufookoro-me.com.StationsTFL";
				PRODUCT_NAME = "$(TARGET_NAME)";
				SWIFT_VERSION = 5.0;
				TARGETED_DEVICE_FAMILY = "1,2";
			};
			name = Debug;
		};
		03C16D3323E7185400B06FD5 /* Release */ = {
			isa = XCBuildConfiguration;
			buildSettings = {
				ASSETCATALOG_COMPILER_APPICON_NAME = AppIcon;
				CODE_SIGN_STYLE = Automatic;
				DEVELOPMENT_ASSET_PATHS = "\"StationsTFL/Preview Content\"";
				DEVELOPMENT_TEAM = FUA8MUZTUH;
				ENABLE_PREVIEWS = YES;
				INFOPLIST_FILE = StationsTFL/Info.plist;
				LD_RUNPATH_SEARCH_PATHS = (
					"$(inherited)",
					"@executable_path/Frameworks",
				);
				PRODUCT_BUNDLE_IDENTIFIER = "ufookoro-me.com.StationsTFL";
				PRODUCT_NAME = "$(TARGET_NAME)";
				SWIFT_VERSION = 5.0;
				TARGETED_DEVICE_FAMILY = "1,2";
			};
			name = Release;
		};
/* End XCBuildConfiguration section */

/* Begin XCConfigurationList section */
		03C16D1823E7185100B06FD5 /* Build configuration list for PBXProject "StationsTFL" */ = {
			isa = XCConfigurationList;
			buildConfigurations = (
				03C16D2F23E7185400B06FD5 /* Debug */,
				03C16D3023E7185400B06FD5 /* Release */,
			);
			defaultConfigurationIsVisible = 0;
			defaultConfigurationName = Release;
		};
		03C16D3123E7185400B06FD5 /* Build configuration list for PBXNativeTarget "StationsTFL" */ = {
			isa = XCConfigurationList;
			buildConfigurations = (
				03C16D3223E7185400B06FD5 /* Debug */,
				03C16D3323E7185400B06FD5 /* Release */,
			);
			defaultConfigurationIsVisible = 0;
			defaultConfigurationName = Release;
		};
/* End XCConfigurationList section */
	};
	rootObject = 03C16D1523E7185100B06FD5 /* Project object */;
}
